
Microsoft Visual Studio Solution File, Format Version 12.00
# Visual Studio 14
VisualStudioVersion = 14.0.25420.1
MinimumVisualStudioVersion = 10.0.40219.1
Project("{FAE04EC0-301F-11D3-BF4B-00C04F79EFBC}") = "WDEwebproject", "WDEwebproject\WDEwebproject.csproj", "{0780C751-B166-4E68-B181-D42AAA1AE2A2}"
EndProject
Project("{D2ABAB84-BF74-430A-B69E-9DC6D40DDA17}") = "HeartDiseaseClass", "HeartDiseaseClass\HeartDiseaseClass.dwproj", "{7EC4D21A-FA78-4CF2-82DA-24373028D803}"
EndProject
Global
	GlobalSection(SolutionConfigurationPlatforms) = preSolution
		Debug|Any CPU = Debug|Any CPU
		Development|Any CPU = Development|Any CPU
		Release|Any CPU = Release|Any CPU
	EndGlobalSection
	GlobalSection(ProjectConfigurationPlatforms) = postSolution
		{0780C751-B166-4E68-B181-D42AAA1AE2A2}.Debug|Any CPU.ActiveCfg = Debug|Any CPU
		{0780C751-B166-4E68-B181-D42AAA1AE2A2}.Debug|Any CPU.Build.0 = Debug|Any CPU
		{0780C751-B166-4E68-B181-D42AAA1AE2A2}.Development|Any CPU.ActiveCfg = Debug|Any CPU
		{0780C751-B166-4E68-B181-D42AAA1AE2A2}.Development|Any CPU.Build.0 = Debug|Any CPU
		{0780C751-B166-4E68-B181-D42AAA1AE2A2}.Release|Any CPU.ActiveCfg = Release|Any CPU
		{0780C751-B166-4E68-B181-D42AAA1AE2A2}.Release|Any CPU.Build.0 = Release|Any CPU
		{7EC4D21A-FA78-4CF2-82DA-24373028D803}.Debug|Any CPU.ActiveCfg = Development
		{7EC4D21A-FA78-4CF2-82DA-24373028D803}.Debug|Any CPU.Build.0 = Development
		{7EC4D21A-FA78-4CF2-82DA-24373028D803}.Debug|Any CPU.Deploy.0 = Development
		{7EC4D21A-FA78-4CF2-82DA-24373028D803}.Development|Any CPU.ActiveCfg = Development
		{7EC4D21A-FA78-4CF2-82DA-24373028D803}.Development|Any CPU.Build.0 = Development
		{7EC4D21A-FA78-4CF2-82DA-24373028D803}.Development|Any CPU.Deploy.0 = Development
		{7EC4D21A-FA78-4CF2-82DA-24373028D803}.Release|Any CPU.ActiveCfg = Development
		{7EC4D21A-FA78-4CF2-82DA-24373028D803}.Release|Any CPU.Build.0 = Development
		{7EC4D21A-FA78-4CF2-82DA-24373028D803}.Release|Any CPU.Deploy.0 = Development
	EndGlobalSection
	GlobalSection(SolutionProperties) = preSolution
		HideSolutionNode = FALSE
	EndGlobalSection
EndGlobal
